
Microsoft Visual Studio Solution File, Format Version 12.00
# Visual Studio Version 16
VisualStudioVersion = 16.0.36631.11
MinimumVisualStudioVersion = 10.0.40219.1
Project("{FAE04EC0-301F-11D3-BF4B-00C04F79EFBC}") = "Final Project 1", "Final Project 1\Final Project 1.csproj", "{63EDD1CF-7CAD-43F7-A09C-13D221FA6FB9}"
EndProject
Global
	GlobalSection(SolutionConfigurationPlatforms) = preSolution
		Debug|Any CPU = Debug|Any CPU
		Release|Any CPU = Release|Any CPU
	EndGlobalSection
	GlobalSection(ProjectConfigurationPlatforms) = postSolution
		{63EDD1CF-7CAD-43F7-A09C-13D221FA6FB9}.Debug|Any CPU.ActiveCfg = Debug|Any CPU
		{63EDD1CF-7CAD-43F7-A09C-13D221FA6FB9}.Debug|Any CPU.Build.0 = Debug|Any CPU
		{63EDD1CF-7CAD-43F7-A09C-13D221FA6FB9}.Release|Any CPU.ActiveCfg = Release|Any CPU
		{63EDD1CF-7CAD-43F7-A09C-13D221FA6FB9}.Release|Any CPU.Build.0 = Release|Any CPU
	EndGlobalSection
	GlobalSection(SolutionProperties) = preSolution
		HideSolutionNode = FALSE
	EndGlobalSection
	GlobalSection(ExtensibilityGlobals) = postSolution
		SolutionGuid = {A61A4B8F-C4F1-45A7-8D9B-769E8AFF496F}
	EndGlobalSection
EndGlobal
